# This file is automatically @generated by Cargo.
# It is not intended for manual editing.
version = 3

[[package]]
name = "app"
version = "0.1.0"

[[package]]
name = "fluxo_control"
version = "0.1.0"

[[package]]
name = "function"
version = "0.1.0"

[[package]]
name = "hello_cargo"
version = "0.1.0"
